{
	"name": "nai-gtk",
	"lockfileVersion": 2,
	"requires": true,
	"packages": {
		"": {
			"workspaces": [
				"packages/gtk-ts"
			],
			"dependencies": {
				"gtk-ts": "workspace:*"
			}
		},
		"node_modules/gtk-ts": {
			"resolved": "packages/gtk-ts",
			"link": true
		},
		"packages/gtk-ts": {}
	},
	"dependencies": {
		"gtk-ts": {
			"version": "file:packages/gtk-ts"
		}
	}
}
